# THIS IS AN AUTOGENERATED FILE. DO NOT EDIT THIS FILE DIRECTLY.
# yarn lockfile v1


"@discordjs/uws@^11.149.1":
  version "11.149.1"
  resolved "https://registry.yarnpkg.com/@discordjs/uws/-/uws-11.149.1.tgz#2e86f2825f43bed43d2e69eaf30a07d2dd8e8946"
  integrity sha512-TmbwZaeXDSCq0ckmf2q10Fkt1220gu9AZJ/UvtQjsi2jyJDjy0i0OwL4/eb3vc9Cwr0mpC9EbfzltQ2si0qUiQ==

"@sentry/core@5.4.0":
  version "5.4.0"
  resolved "https://registry.yarnpkg.com/@sentry/core/-/core-5.4.0.tgz#c40969ace80d637195bcc0ae6e5819f0c5e8ae46"
  integrity sha512-luIJPftVnrW0ZKqs9W6YCpzKZVbOgQv8Ae7KB0Acsvqeoqjtx4zHHfVfu5VPkfhrOYN3NsM1IpApXtSdMiJCfg==
  dependencies:
    "@sentry/hub" "5.4.0"
    "@sentry/minimal" "5.4.0"
    "@sentry/types" "5.4.0"
    "@sentry/utils" "5.4.0"
    tslib "^1.9.3"

"@sentry/hub@5.4.0":
  version "5.4.0"
  resolved "https://registry.yarnpkg.com/@sentry/hub/-/hub-5.4.0.tgz#03ab154bf2e2c33cb80d951b464de84ad2a6fbf9"
  integrity sha512-X0iLNcouXcLWzuOJz2YjTn1E11b7pzcG98/iFTHW3AKPjnJNt92XRpjsDI2iT8+ODUDiFqaFmACSn2oZK80WGQ==
  dependencies:
    "@sentry/types" "5.4.0"
    "@sentry/utils" "5.4.0"
    tslib "^1.9.3"

"@sentry/minimal@5.4.0":
  version "5.4.0"
  resolved "https://registry.yarnpkg.com/@sentry/minimal/-/minimal-5.4.0.tgz#e3c569c68d6c09aad533832b2c713ad94bb2a511"
  integrity sha512-MuOLavHHTXXWKyfTcwqpjhkdYlJDyOfjfcf+b/d38+8cs064rpNScxTZyYj2KKxNGcCqDgUsY175fNp/D1fyMw==
  dependencies:
    "@sentry/hub" "5.4.0"
    "@sentry/types" "5.4.0"
    tslib "^1.9.3"

"@sentry/node@^5.4.0":
  version "5.4.0"
  resolved "https://registry.yarnpkg.com/@sentry/node/-/node-5.4.0.tgz#ceb99318296d3543acefa34a51389e2e0dafb832"
  integrity sha512-+OWgt/bLYZd+aJzepTycEK442SUaERBrEVsU7Q30XHznxWEKfpcWRflnmhFClA1DnnLYW40J7qUbajjHAhsN4g==
  dependencies:
    "@sentry/core" "5.4.0"
    "@sentry/hub" "5.4.0"
    "@sentry/types" "5.4.0"
    "@sentry/utils" "5.4.0"
    cookie "0.3.1"
    https-proxy-agent "2.2.1"
    lru_map "0.3.3"
    tslib "^1.9.3"

"@sentry/types@5.4.0":
  version "5.4.0"
  resolved "https://registry.yarnpkg.com/@sentry/types/-/types-5.4.0.tgz#340854be18618e4435f9c168adfa2c9e407fbcb3"
  integrity sha512-R8IFM77rzp0ngR/XQFLsXUK2uE7jLf21MsU9mpUwLtxcJp8rs7I77HgzA5MEerdG9Sbxw5RaLq9wO7noHGfUmQ==

"@sentry/utils@5.4.0":
  version "5.4.0"
  resolved "https://registry.yarnpkg.com/@sentry/utils/-/utils-5.4.0.tgz#32882f16cd516f341ba1dafeb020614aaf6d4b5c"
  integrity sha512-NlYMAyiI9iIItLDxJ17tLMtuu7261t93tcOGSMdDQZlmryR6ZAMenbCKTf5MrpA2iHfX84gyfmr67lh8uSHkPg==
  dependencies:
    "@sentry/types" "5.4.0"
    tslib "^1.9.3"

"@types/dotenv@^6.1.1":
  version "6.1.1"
  resolved "https://registry.yarnpkg.com/@types/dotenv/-/dotenv-6.1.1.tgz#f7ce1cc4fe34f0a4373ba99fefa437b0bec54b46"
  integrity sha512-ftQl3DtBvqHl9L16tpqqzA4YzCSXZfi7g8cQceTz5rOlYtk/IZbFjAv3mLOQlNIgOaylCQWQoBdDQHPgEBJPHg==
  dependencies:
    "@types/node" "*"

"@types/graphql@^14.2.0":
  version "14.2.0"
  resolved "https://registry.yarnpkg.com/@types/graphql/-/graphql-14.2.0.tgz#74e1da5f2a4a744ac6eb3ed57b48242ea9367202"
  integrity sha512-lELg5m6eBOmATWyCZl8qULEOvnPIUG6B443yXKj930glXIgwQirIBPp5rthP2amJW0YSzUg2s5sfgba4mRRCNw==

"@types/node-fetch@^2.3.4":
  version "2.3.4"
  resolved "https://registry.yarnpkg.com/@types/node-fetch/-/node-fetch-2.3.4.tgz#a46fc4fe9f94b491bf551b6bb7f0f493b9bacd1a"
  integrity sha512-ZwGXz5osL88SF+jlbbz0WJlINlOZHoSWPrLytQRWRdB6j/KVLup1OoqIxnjO6q9ToqEEP3MZFzJCotgge+IiRw==
  dependencies:
    "@types/node" "*"

"@types/node@*", "@types/node@>=6":
  version "12.0.4"
  resolved "https://registry.yarnpkg.com/@types/node/-/node-12.0.4.tgz#46832183115c904410c275e34cf9403992999c32"
  integrity sha512-j8YL2C0fXq7IONwl/Ud5Kt0PeXw22zGERt+HSSnwbKOJVsAGkEz3sFCYwaF9IOuoG1HOtE0vKCj6sXF7Q0+Vaw==

"@types/zen-observable@^0.8.0":
  version "0.8.0"
  resolved "https://registry.yarnpkg.com/@types/zen-observable/-/zen-observable-0.8.0.tgz#8b63ab7f1aa5321248aad5ac890a485656dcea4d"
  integrity sha512-te5lMAWii1uEJ4FwLjzdlbw3+n0FZNOvFXHxQDKeT0dilh7HOzdMzV2TrJVUzq8ep7J4Na8OUYPRLSQkJHAlrg==

"@wry/context@^0.4.0":
  version "0.4.2"
  resolved "https://registry.yarnpkg.com/@wry/context/-/context-0.4.2.tgz#eb7fef6ffd0dbcd48f130e88c6a12f43a4cbb62a"
  integrity sha512-P3IsTHNeQLVjy3Bi9eiyqUwSu4Hai9vpzgueJai8wfibr6JPjyM9KVi2b7uixk1py7aGyOU15cBNvD/l1eZ2eg==
  dependencies:
    "@types/node" ">=6"
    tslib "^1.9.3"

agent-base@^4.1.0:
  version "4.2.1"
  resolved "https://registry.yarnpkg.com/agent-base/-/agent-base-4.2.1.tgz#d89e5999f797875674c07d87f260fc41e83e8ca9"
  integrity sha512-JVwXMr9nHYTUXsBFKUqhJwvlcYU/blreOEUkhNR2eXZIvwd+c+o5V4MgDPKWnMS/56awN3TRzIP+KoPn+roQtg==
  dependencies:
    es6-promisify "^5.0.0"

apollo-boost@^0.3.1:
  version "0.3.1"
  resolved "https://registry.yarnpkg.com/apollo-boost/-/apollo-boost-0.3.1.tgz#b6a896e020a0eab7e415032fe565734a955c65f8"
  integrity sha512-VdXcTMxLBeNvANW/FtiarEkrRr/cepYKG6wTAURdy8CS33WYpEHtIg9S8tAjxwVzIECpE4lWyDKyPLoESJ072Q==
  dependencies:
    apollo-cache "^1.2.1"
    apollo-cache-inmemory "^1.5.1"
    apollo-client "^2.5.1"
    apollo-link "^1.0.6"
    apollo-link-error "^1.0.3"
    apollo-link-http "^1.3.1"
    graphql-tag "^2.4.2"
    ts-invariant "^0.2.1"
    tslib "^1.9.3"

apollo-cache-inmemory@^1.5.1:
  version "1.6.0"
  resolved "https://registry.yarnpkg.com/apollo-cache-inmemory/-/apollo-cache-inmemory-1.6.0.tgz#a106cdc520f0a043be2575372d5dbb7e4790254c"
  integrity sha512-Mr86ucMsXnRH9YRvcuuy6kc3dtyRBuVSo8gdxp2sJVuUAtvQ6r/8E+ok2qX84em9ZBAYxoyvPnKeShhvcKiiDw==
  dependencies:
    apollo-cache "^1.3.0"
    apollo-utilities "^1.3.0"
    optimism "^0.9.0"
    ts-invariant "^0.4.0"
    tslib "^1.9.3"

apollo-cache@1.3.0, apollo-cache@^1.2.1, apollo-cache@^1.3.0:
  version "1.3.0"
  resolved "https://registry.yarnpkg.com/apollo-cache/-/apollo-cache-1.3.0.tgz#de5c907cbd329440c9b0aafcbe8436391b9e6142"
  integrity sha512-voPlvSIDA2pY3+7QwtXPs7o5uSNAVjUKwimyHWoiW0MIZtPxawtOV/Y+BL85R227JqcjPic1El+QToVR8l4ytQ==
  dependencies:
    apollo-utilities "^1.3.0"
    tslib "^1.9.3"

apollo-client@^2.5.1:
  version "2.6.0"
  resolved "https://registry.yarnpkg.com/apollo-client/-/apollo-client-2.6.0.tgz#9b66c04cd96d622cd72f92e584e7403c17532831"
  integrity sha512-Z6oSD45vyw6maktMABXTaJliWdFJy4ihZGxbRh7rY65RWNz0HSm3IX66shLavdNqd4lpOcVuAufJl+w8u6RhLQ==
  dependencies:
    "@types/zen-observable" "^0.8.0"
    apollo-cache "1.3.0"
    apollo-link "^1.0.0"
    apollo-utilities "1.3.0"
    symbol-observable "^1.0.2"
    ts-invariant "^0.4.0"
    tslib "^1.9.3"
    zen-observable "^0.8.0"

apollo-link-error@^1.0.3:
  version "1.1.10"
  resolved "https://registry.yarnpkg.com/apollo-link-error/-/apollo-link-error-1.1.10.tgz#ce57f0793f0923b598655de5bf5e028d4cf4fba6"
  integrity sha512-itG5UV7mQqaalmRkuRsF0cUS4zW2ja8XCbxkMZnIEeN24X3yoJi5hpJeAaEkXf0KgYNsR0+rmtCQNruWyxDnZQ==
  dependencies:
    apollo-link "^1.2.11"
    apollo-link-http-common "^0.2.13"
    tslib "^1.9.3"

apollo-link-http-common@^0.2.13:
  version "0.2.13"
  resolved "https://registry.yarnpkg.com/apollo-link-http-common/-/apollo-link-http-common-0.2.13.tgz#c688f6baaffdc7b269b2db7ae89dae7c58b5b350"
  integrity sha512-Uyg1ECQpTTA691Fwx5e6Rc/6CPSu4TB4pQRTGIpwZ4l5JDOQ+812Wvi/e3IInmzOZpwx5YrrOfXrtN8BrsDXoA==
  dependencies:
    apollo-link "^1.2.11"
    ts-invariant "^0.3.2"
    tslib "^1.9.3"

apollo-link-http@^1.3.1:
  version "1.5.14"
  resolved "https://registry.yarnpkg.com/apollo-link-http/-/apollo-link-http-1.5.14.tgz#ed6292248d1819ccd16523e346d35203a1b31109"
  integrity sha512-XEoPXmGpxFG3wioovgAlPXIarWaW4oWzt8YzjTYZ87R4R7d1A3wKR/KcvkdMV1m5G7YSAHcNkDLe/8hF2nH6cg==
  dependencies:
    apollo-link "^1.2.11"
    apollo-link-http-common "^0.2.13"
    tslib "^1.9.3"

apollo-link@^1.0.0, apollo-link@^1.0.6, apollo-link@^1.2.11:
  version "1.2.11"
  resolved "https://registry.yarnpkg.com/apollo-link/-/apollo-link-1.2.11.tgz#493293b747ad3237114ccd22e9f559e5e24a194d"
  integrity sha512-PQvRCg13VduLy3X/0L79M6uOpTh5iHdxnxYuo8yL7sJlWybKRJwsv4IcRBJpMFbChOOaHY7Og9wgPo6DLKDKDA==
  dependencies:
    apollo-utilities "^1.2.1"
    ts-invariant "^0.3.2"
    tslib "^1.9.3"
    zen-observable-ts "^0.8.18"

apollo-utilities@1.3.0, apollo-utilities@^1.2.1, apollo-utilities@^1.3.0:
  version "1.3.0"
  resolved "https://registry.yarnpkg.com/apollo-utilities/-/apollo-utilities-1.3.0.tgz#9803724c07ac94ca11dc26397edb58735d2b0211"
  integrity sha512-wQjV+FdWcTWmWUFlChG5rS0vHKy5OsXC6XlV9STRstQq6VbXANwHy6DHnTEQAfLXWAbNcPgBu+nBUpR3dFhwrA==
  dependencies:
    fast-json-stable-stringify "^2.0.0"
    ts-invariant "^0.4.0"
    tslib "^1.9.3"

async-limiter@~1.0.0:
  version "1.0.0"
  resolved "https://registry.yarnpkg.com/async-limiter/-/async-limiter-1.0.0.tgz#78faed8c3d074ab81f22b4e985d79e8738f720f8"
  integrity sha512-jp/uFnooOiO+L211eZOoSyzpOITMXx1rBITauYykG3BRYPu8h0UcxsPNB04RR5vo4Tyz3+ay17tR6JVf9qzYWg==

cookie@0.3.1:
  version "0.3.1"
  resolved "https://registry.yarnpkg.com/cookie/-/cookie-0.3.1.tgz#e7e0a1f9ef43b4c8ba925c5c5a96e806d16873bb"
  integrity sha1-5+Ch+e9DtMi6klxcWpboBtFoc7s=

debug@^3.1.0:
  version "3.2.6"
  resolved "https://registry.yarnpkg.com/debug/-/debug-3.2.6.tgz#e83d17de16d8a7efb7717edbe5fb10135eee629b"
  integrity sha512-mel+jf7nrtEl5Pn1Qx46zARXKDpBbvzezse7p7LqINmdoIk8PYP5SySaxEmYv6TZ0JyEKA1hsCId6DIhgITtWQ==
  dependencies:
    ms "^2.1.1"

discord.js@^11.5.1:
  version "11.5.1"
  resolved "https://registry.yarnpkg.com/discord.js/-/discord.js-11.5.1.tgz#910fb9f6410328581093e044cafb661783a4d9e8"
  integrity sha512-tGhV5xaZXE3Z+4uXJb3hYM6gQ1NmnSxp9PClcsSAYFVRzH6AJH74040mO3afPDMWEAlj8XsoPXXTJHTxesqcGw==
  dependencies:
    long "^4.0.0"
    prism-media "^0.0.3"
    snekfetch "^3.6.4"
    tweetnacl "^1.0.0"
    ws "^6.0.0"

dotenv@^8.0.0:
  version "8.0.0"
  resolved "https://registry.yarnpkg.com/dotenv/-/dotenv-8.0.0.tgz#ed310c165b4e8a97bb745b0a9d99c31bda566440"
  integrity sha512-30xVGqjLjiUOArT4+M5q9sYdvuR4riM6yK9wMcas9Vbp6zZa+ocC9dp6QoftuhTPhFAiLK/0C5Ni2nou/Bk8lg==

es6-promise@^4.0.3:
  version "4.2.6"
  resolved "https://registry.yarnpkg.com/es6-promise/-/es6-promise-4.2.6.tgz#b685edd8258886365ea62b57d30de28fadcd974f"
  integrity sha512-aRVgGdnmW2OiySVPUC9e6m+plolMAJKjZnQlCwNSuK5yQ0JN61DZSO1X1Ufd1foqWRAlig0rhduTCHe7sVtK5Q==

es6-promisify@^5.0.0:
  version "5.0.0"
  resolved "https://registry.yarnpkg.com/es6-promisify/-/es6-promisify-5.0.0.tgz#5109d62f3e56ea967c4b63505aef08291c8a5203"
  integrity sha1-UQnWLz5W6pZ8S2NQWu8IKRyKUgM=
  dependencies:
    es6-promise "^4.0.3"

fast-json-stable-stringify@^2.0.0:
  version "2.0.0"
  resolved "https://registry.yarnpkg.com/fast-json-stable-stringify/-/fast-json-stable-stringify-2.0.0.tgz#d5142c0caee6b1189f87d3a76111064f86c8bbf2"
  integrity sha1-1RQsDK7msRifh9OnYREGT4bIu/I=

graphql-tag@^2.4.2:
  version "2.10.1"
  resolved "https://registry.yarnpkg.com/graphql-tag/-/graphql-tag-2.10.1.tgz#10aa41f1cd8fae5373eaf11f1f67260a3cad5e02"
  integrity sha512-jApXqWBzNXQ8jYa/HLkZJaVw9jgwNqZkywa2zfFn16Iv1Zb7ELNHkJaXHR7Quvd5SIGsy6Ny7SUKATgnu05uEg==

graphql@^14.3.1:
  version "14.3.1"
  resolved "https://registry.yarnpkg.com/graphql/-/graphql-14.3.1.tgz#b3aa50e61a841ada3c1f9ccda101c483f8e8c807"
  integrity sha512-FZm7kAa3FqKdXy8YSSpAoTtyDFMIYSpCDOr+3EqlI1bxmtHu+Vv/I2vrSeT1sBOEnEniX3uo4wFhFdS/8XN6gA==
  dependencies:
    iterall "^1.2.2"

https-proxy-agent@2.2.1:
  version "2.2.1"
  resolved "https://registry.yarnpkg.com/https-proxy-agent/-/https-proxy-agent-2.2.1.tgz#51552970fa04d723e04c56d04178c3f92592bbc0"
  integrity sha512-HPCTS1LW51bcyMYbxUIOO4HEOlQ1/1qRaFWcyxvwaqUS9TY88aoEuHUY33kuAh1YhVVaDQhLZsnPd+XNARWZlQ==
  dependencies:
    agent-base "^4.1.0"
    debug "^3.1.0"

iterall@^1.2.2:
  version "1.2.2"
  resolved "https://registry.yarnpkg.com/iterall/-/iterall-1.2.2.tgz#92d70deb8028e0c39ff3164fdbf4d8b088130cd7"
  integrity sha512-yynBb1g+RFUPY64fTrFv7nsjRrENBQJaX2UL+2Szc9REFrSNm1rpSXHGzhmAy7a9uv3vlvgBlXnf9RqmPH1/DA==

long@^4.0.0:
  version "4.0.0"
  resolved "https://registry.yarnpkg.com/long/-/long-4.0.0.tgz#9a7b71cfb7d361a194ea555241c92f7468d5bf28"
  integrity sha512-XsP+KhQif4bjX1kbuSiySJFNAehNxgLb6hPRGJ9QsUr8ajHkuXGdrHmFUTUUXhDwVX2R5bY4JNZEwbUiMhV+MA==

lru_map@0.3.3:
  version "0.3.3"
  resolved "https://registry.yarnpkg.com/lru_map/-/lru_map-0.3.3.tgz#b5c8351b9464cbd750335a79650a0ec0e56118dd"
  integrity sha1-tcg1G5Rky9dQM1p5ZQoOwOVhGN0=

ms@^2.1.1:
  version "2.1.1"
  resolved "https://registry.yarnpkg.com/ms/-/ms-2.1.1.tgz#30a5864eb3ebb0a66f2ebe6d727af06a09d86e0a"
  integrity sha512-tgp+dl5cGk28utYktBsrFqA7HKgrhgPsg6Z/EfhWI4gl1Hwq8B/GmY/0oXZ6nF8hDVesS/FpnYaD/kOWhYQvyg==

node-fetch@^2.6.0:
  version "2.6.0"
  resolved "https://registry.yarnpkg.com/node-fetch/-/node-fetch-2.6.0.tgz#e633456386d4aa55863f676a7ab0daa8fdecb0fd"
  integrity sha512-8dG4H5ujfvFiqDmVu9fQ5bOHUC15JMjMY/Zumv26oOvvVJjM67KF8koCWIabKQ1GJIa9r2mMZscBq/TbdOcmNA==

optimism@^0.9.0:
  version "0.9.5"
  resolved "https://registry.yarnpkg.com/optimism/-/optimism-0.9.5.tgz#b8b5dc9150e97b79ddbf2d2c6c0e44de4d255527"
  integrity sha512-lNvmuBgONAGrUbj/xpH69FjMOz1d0jvMNoOCKyVynUPzq2jgVlGL4jFYJqrUHzUfBv+jAFSCP61x5UkfbduYJA==
  dependencies:
    "@wry/context" "^0.4.0"

prism-media@^0.0.3:
  version "0.0.3"
  resolved "https://registry.yarnpkg.com/prism-media/-/prism-media-0.0.3.tgz#8842d4fae804f099d3b48a9a38e3c2bab6f4855b"
  integrity sha512-c9KkNifSMU/iXT8FFTaBwBMr+rdVcN+H/uNv1o+CuFeTThNZNTOrQ+RgXA1yL/DeLk098duAeRPP3QNPNbhxYQ==

snekfetch@^3.6.4:
  version "3.6.4"
  resolved "https://registry.yarnpkg.com/snekfetch/-/snekfetch-3.6.4.tgz#d13e80a616d892f3d38daae4289f4d258a645120"
  integrity sha512-NjxjITIj04Ffqid5lqr7XdgwM7X61c/Dns073Ly170bPQHLm6jkmelye/eglS++1nfTWktpP6Y2bFXjdPlQqdw==

symbol-observable@^1.0.2:
  version "1.2.0"
  resolved "https://registry.yarnpkg.com/symbol-observable/-/symbol-observable-1.2.0.tgz#c22688aed4eab3cdc2dfeacbb561660560a00804"
  integrity sha512-e900nM8RRtGhlV36KGEU9k65K3mPb1WV70OdjfxlG2EAuM1noi/E/BaW/uMhL7bPEssK8QV57vN3esixjUvcXQ==

ts-invariant@^0.2.1:
  version "0.2.1"
  resolved "https://registry.yarnpkg.com/ts-invariant/-/ts-invariant-0.2.1.tgz#3d587f9d6e3bded97bf9ec17951dd9814d5a9d3f"
  integrity sha512-Z/JSxzVmhTo50I+LKagEISFJW3pvPCqsMWLamCTX8Kr3N5aMrnGOqcflbe5hLUzwjvgPfnLzQtHZv0yWQ+FIHg==
  dependencies:
    tslib "^1.9.3"

ts-invariant@^0.3.2:
  version "0.3.3"
  resolved "https://registry.yarnpkg.com/ts-invariant/-/ts-invariant-0.3.3.tgz#b5742b1885ecf9e29c31a750307480f045ec0b16"
  integrity sha512-UReOKsrJFGC9tUblgSRWo+BsVNbEd77Cl6WiV/XpMlkifXwNIJbknViCucHvVZkXSC/mcWeRnIGdY7uprcwvdQ==
  dependencies:
    tslib "^1.9.3"

ts-invariant@^0.4.0:
  version "0.4.2"
  resolved "https://registry.yarnpkg.com/ts-invariant/-/ts-invariant-0.4.2.tgz#8685131b8083e67c66d602540e78763408be9113"
  integrity sha512-PTAAn8lJPEdRBJJEs4ig6MVZWfO12yrFzV7YaPslmyhG7+4MA279y4BXT3f72gXeVl0mC1aAWq2rMX4eKTWU/Q==
  dependencies:
    tslib "^1.9.3"

tslib@^1.9.3:
  version "1.9.3"
  resolved "https://registry.yarnpkg.com/tslib/-/tslib-1.9.3.tgz#d7e4dd79245d85428c4d7e4822a79917954ca286"
  integrity sha512-4krF8scpejhaOgqzBEcGM7yDIEfi0/8+8zDRZhNZZ2kjmHJ4hv3zCbQWxoJGz1iw5U0Jl0nma13xzHXcncMavQ==

tweetnacl@^1.0.0:
  version "1.0.1"
  resolved "https://registry.yarnpkg.com/tweetnacl/-/tweetnacl-1.0.1.tgz#2594d42da73cd036bd0d2a54683dd35a6b55ca17"
  integrity sha512-kcoMoKTPYnoeS50tzoqjPY3Uv9axeuuFAZY9M/9zFnhoVvRfxz9K29IMPD7jGmt2c8SW7i3gT9WqDl2+nV7p4A==

typescript@^3.5.1:
  version "3.5.1"
  resolved "https://registry.yarnpkg.com/typescript/-/typescript-3.5.1.tgz#ba72a6a600b2158139c5dd8850f700e231464202"
  integrity sha512-64HkdiRv1yYZsSe4xC1WVgamNigVYjlssIoaH2HcZF0+ijsk5YK2g0G34w9wJkze8+5ow4STd22AynfO6ZYYLw==

ws@^6.0.0:
  version "6.2.1"
  resolved "https://registry.yarnpkg.com/ws/-/ws-6.2.1.tgz#442fdf0a47ed64f59b6a5d8ff130f4748ed524fb"
  integrity sha512-GIyAXC2cB7LjvpgMt9EKS2ldqr0MTrORaleiOno6TweZ6r3TKtoFQWay/2PceJ3RuBasOHzXNn5Lrw1X0bEjqA==
  dependencies:
    async-limiter "~1.0.0"

zen-observable-ts@^0.8.18:
  version "0.8.18"
  resolved "https://registry.yarnpkg.com/zen-observable-ts/-/zen-observable-ts-0.8.18.tgz#ade44b1060cc4a800627856ec10b9c67f5f639c8"
  integrity sha512-q7d05s75Rn1j39U5Oapg3HI2wzriVwERVo4N7uFGpIYuHB9ff02P/E92P9B8T7QVC93jCMHpbXH7X0eVR5LA7A==
  dependencies:
    tslib "^1.9.3"
    zen-observable "^0.8.0"

zen-observable@^0.8.0:
  version "0.8.14"
  resolved "https://registry.yarnpkg.com/zen-observable/-/zen-observable-0.8.14.tgz#d33058359d335bc0db1f0af66158b32872af3bf7"
  integrity sha512-kQz39uonEjEESwh+qCi83kcC3rZJGh4mrZW7xjkSQYXkq//JZHTtKo+6yuVloTgMtzsIWOJrjIrKvk/dqm0L5g==
